github.com/davecgh/go-spew v1.1.0 h1:ZDRjVQ15GmhC3fiQ8ni8+OwkZQO4DARzQgrnXU1Liz8=
github.com/davecgh/go-spew v1.1.0/go.mod h1:J7Y8YcW2NihsgmVo/mv3lAwl/skON4iLHjSsI+c5H38=
github.com/pmezard/go-difflib v1.0.0 h1:4DBwDE0NGyQoBHbLQYPwSUPoCMWR5BEzIk/f1lZbAQM=
github.com/pmezard/go-difflib v1.0.0/go.mod h1:iKH77koFhYxTK1pcRnkKkqfTogsbg7gZNVY4sRDYZ/4=
github.com/stretchr/objx v0.1.0/go.mod h1:HFkY916IF+rwdDfMAkV7OtwuqBVzrE8GR6GFx+wExME=
github.com/stretchr/testify v1.5.1 h1:nOGnQDM7FYENwehXlg/kFVnos3rEvtKTjRvOWSzb6H4=
github.com/stretchr/testify v1.5.1/go.mod h1:5W2xD1RspED5o8YsWQXVCued0rvSQ+mT+I5cxcmMvtA=
github.com/tracer8086/glfw v0.0.0-20200223222404-8a00403934d2 h1:h6S/faMnes6XsDZOqwShy5sxgn0CBq03/plEeMBs4fU=
github.com/tracer8086/glfw/v3.3/glfw v0.0.0-20200223222404-8a00403934d2 h1:zvcUE3f/NJYQ92c+kdZicf/6dB2aG+8YrwMCu9SdK7M=
github.com/tracer8086/glfw/v3.3/glfw v0.0.0-20200223222404-8a00403934d2/go.mod h1:lblVQ4s18fK7xqvRrbsZjRuwg/VA46zgdAEwRB+pUqw=
github.com/veandco/go-sdl2 v0.4.1 h1:HmSBvVmKWI8LAOeCfTTM8R33rMyPcs6U3o8n325c9Qg=
github.com/veandco/go-sdl2 v0.4.1/go.mod h1:FB+kTpX9YTE+urhYiClnRzpOXbiWgaU3+5F2AB78DPg=
github.com/vulkan-go/asche v0.0.0-20190912134304-d4b318b67e07 h1:QIXP1nx5b+YZt1cKDP5SR/89tRXrLxWslBBFBvH/+Y0=
github.com/vulkan-go/asche v0.0.0-20190912134304-d4b318b67e07/go.mod h1:fIbNY6YffQRtdF22h26OXRprI/BGOWPKlxJWtNC78OA=
github.com/vulkan-go/demos v0.0.0-20190321114819-13622f8f3baa h1:XXJu08CZgQ+mqtFYJINHBf2Jiya2s1S/KC6LBQSZzMQ=
github.com/vulkan-go/demos v0.0.0-20190321114819-13622f8f3baa/go.mod h1:lszyAS4GLnwTRC1Nk+lgi9kipWbis9iRwtjRRyORCJs=
github.com/vulkan-go/vulkan v0.0.0-20200123094538-aa511c71e200 h1:Gd8JCplUKwEoAx/9s/zL9DQzNdxmWidxd2uM4zVpURw=
github.com/vulkan-go/vulkan v0.0.0-20200123094538-aa511c71e200/go.mod h1:X6Qqg0j5A5cYHhFXUOl6TL/vYdyh/ajvyCvh+sEHQFI=
github.com/xlab/android-go v0.0.0-20180723170811-ebf4d6dd1830 h1:t4JWwVd06FAAZiTLSIGzNtOQYXkX90Y3bXWwAXvjepk=
github.com/xlab/android-go v0.0.0-20180723170811-ebf4d6dd1830/go.mod h1:cX5Ob29gFddv5hlAJN3tmNcvHuNQwUXzIP06azWW1M8=
github.com/xlab/catcher v0.0.0-20170222110830-4ce3d20cbee2 h1:Zpa3je19AZ1GU/UIgDO+87Vwa0+awqbpKprjfBb+So8=
github.com/xlab/catcher v0.0.0-20170222110830-4ce3d20cbee2/go.mod h1:wLwj0uiLs18rq5dVL7qeTy8ZQsraFHXqas1pUVTa+8A=
github.com/xlab/closer v0.0.0-20190328110542-03326addb7c2 h1:LPYwXwwHigHHFX3SFa9W9zBIa5reyaLJos2e95eHh68=
github.com/xlab/closer v0.0.0-20190328110542-03326addb7c2/go.mod h1:Y8IYP9aVODN3Vnw1FCqygCG5IWyYBeBlZqQ5aX+fHFw=
github.com/xlab/ios-go v0.0.0-20170702230120-5c6163f67cd4 h1:nC+inKdKlu6riC0WEh/QcnkG4i7ZZRcUZ4UWE7D68ik=
github.com/xlab/ios-go v0.0.0-20170702230120-5c6163f67cd4/go.mod h1:bVfZIYlCKXFl/Dumfx9Sbdl7FDGzd0BpWDFXVegToEE=
github.com/xlab/linmath v0.0.0-20170502193301-512668b827be h1:J/lWrXhpS1n3HRy18iqZnIhQqGSrvKnXQpVRNG5rKqM=
github.com/xlab/linmath v0.0.0-20170502193301-512668b827be/go.mod h1:fgIYDv0Jdzzt+7Us/LdHhBL5N7xqDoj7Jgyf9da1mH4=
github.com/xlab/tablewriter v0.0.0-20160610135559-80b567a11ad5 h1:gmD7q6cCJfBbcuobWQe/KzLsd9Cd3amS1Mq5f3uU1qo=
github.com/xlab/tablewriter v0.0.0-20160610135559-80b567a11ad5/go.mod h1:fVwOndYN3s5IaGlMucfgxwMhqwcaJtlGejBU6zX6Yxw=
gopkg.in/check.v1 v0.0.0-20161208181325-20d25e280405 h1:yhCVgyC4o1eVCa2tZl7eS0r+SDo693bJlVdllGtEeKM=
gopkg.in/check.v1 v0.0.0-20161208181325-20d25e280405/go.mod h1:Co6ibVJAznAaIkqp8huTwlJQCZ016jof/cbN4VW5Yz0=
gopkg.in/yaml.v2 v2.2.2 h1:ZCJp+EgiOT7lHqUV2J862kp8Qj64Jo6az82+3Td9dZw=
gopkg.in/yaml.v2 v2.2.2/go.mod h1:hI93XBmqTisBFMUTm0b8Fm+jr3Dg1NNxqwp+5A1VGuI=
